
Microsoft Visual Studio Solution File, Format Version 12.00
# Visual Studio Version 16
VisualStudioVersion = 16.0.29509.3
MinimumVisualStudioVersion = 10.0.40219.1
Project("{8BC9CEB8-8B4A-11D0-8D11-00A0C91BC942}") = "链表母本", "链表母本.vcxproj", "{570F178B-AE37-48DA-8C11-396A74A309EB}"
EndProject
Global
	GlobalSection(SolutionConfigurationPlatforms) = preSolution
		Debug|x64 = Debug|x64
		Debug|x86 = Debug|x86
		Release|x64 = Release|x64
		Release|x86 = Release|x86
	EndGlobalSection
	GlobalSection(ProjectConfigurationPlatforms) = postSolution
		{570F178B-AE37-48DA-8C11-396A74A309EB}.Debug|x64.ActiveCfg = Debug|x64
		{570F178B-AE37-48DA-8C11-396A74A309EB}.Debug|x64.Build.0 = Debug|x64
		{570F178B-AE37-48DA-8C11-396A74A309EB}.Debug|x86.ActiveCfg = Debug|Win32
		{570F178B-AE37-48DA-8C11-396A74A309EB}.Debug|x86.Build.0 = Debug|Win32
		{570F178B-AE37-48DA-8C11-396A74A309EB}.Release|x64.ActiveCfg = Release|x64
		{570F178B-AE37-48DA-8C11-396A74A309EB}.Release|x64.Build.0 = Release|x64
		{570F178B-AE37-48DA-8C11-396A74A309EB}.Release|x86.ActiveCfg = Release|Win32
		{570F178B-AE37-48DA-8C11-396A74A309EB}.Release|x86.Build.0 = Release|Win32
	EndGlobalSection
	GlobalSection(SolutionProperties) = preSolution
		HideSolutionNode = FALSE
	EndGlobalSection
	GlobalSection(ExtensibilityGlobals) = postSolution
		SolutionGuid = {31E93106-15BE-4967-B7D1-D6AC0A52557C}
	EndGlobalSection
EndGlobal
