
Microsoft Visual Studio Solution File, Format Version 12.00
# Visual Studio Version 16
VisualStudioVersion = 16.0.30002.166
MinimumVisualStudioVersion = 10.0.40219.1
Project("{8BC9CEB8-8B4A-11D0-8D11-00A0C91BC942}") = "test3.2简单的整数划分问题", "test3.2简单的整数划分问题.vcxproj", "{8C1A4EAB-D545-4200-9C14-550BB9D9E23A}"
EndProject
Global
	GlobalSection(SolutionConfigurationPlatforms) = preSolution
		Debug|x64 = Debug|x64
		Debug|x86 = Debug|x86
		Release|x64 = Release|x64
		Release|x86 = Release|x86
	EndGlobalSection
	GlobalSection(ProjectConfigurationPlatforms) = postSolution
		{8C1A4EAB-D545-4200-9C14-550BB9D9E23A}.Debug|x64.ActiveCfg = Debug|x64
		{8C1A4EAB-D545-4200-9C14-550BB9D9E23A}.Debug|x64.Build.0 = Debug|x64
		{8C1A4EAB-D545-4200-9C14-550BB9D9E23A}.Debug|x86.ActiveCfg = Debug|Win32
		{8C1A4EAB-D545-4200-9C14-550BB9D9E23A}.Debug|x86.Build.0 = Debug|Win32
		{8C1A4EAB-D545-4200-9C14-550BB9D9E23A}.Release|x64.ActiveCfg = Release|x64
		{8C1A4EAB-D545-4200-9C14-550BB9D9E23A}.Release|x64.Build.0 = Release|x64
		{8C1A4EAB-D545-4200-9C14-550BB9D9E23A}.Release|x86.ActiveCfg = Release|Win32
		{8C1A4EAB-D545-4200-9C14-550BB9D9E23A}.Release|x86.Build.0 = Release|Win32
	EndGlobalSection
	GlobalSection(SolutionProperties) = preSolution
		HideSolutionNode = FALSE
	EndGlobalSection
	GlobalSection(ExtensibilityGlobals) = postSolution
		SolutionGuid = {92325467-182C-4FFF-9FC9-9647504A87D6}
	EndGlobalSection
EndGlobal
