
Microsoft Visual Studio Solution File, Format Version 12.00
# Visual Studio Version 16
VisualStudioVersion = 16.0.29509.3
MinimumVisualStudioVersion = 10.0.40219.1
Project("{8BC9CEB8-8B4A-11D0-8D11-00A0C91BC942}") = "指针练习，输出tesla", "指针练习，输出tesla.vcxproj", "{805AFA74-CCC0-488D-B3F5-C1F756B489B1}"
EndProject
Global
	GlobalSection(SolutionConfigurationPlatforms) = preSolution
		Debug|x64 = Debug|x64
		Debug|x86 = Debug|x86
		Release|x64 = Release|x64
		Release|x86 = Release|x86
	EndGlobalSection
	GlobalSection(ProjectConfigurationPlatforms) = postSolution
		{805AFA74-CCC0-488D-B3F5-C1F756B489B1}.Debug|x64.ActiveCfg = Debug|x64
		{805AFA74-CCC0-488D-B3F5-C1F756B489B1}.Debug|x64.Build.0 = Debug|x64
		{805AFA74-CCC0-488D-B3F5-C1F756B489B1}.Debug|x86.ActiveCfg = Debug|Win32
		{805AFA74-CCC0-488D-B3F5-C1F756B489B1}.Debug|x86.Build.0 = Debug|Win32
		{805AFA74-CCC0-488D-B3F5-C1F756B489B1}.Release|x64.ActiveCfg = Release|x64
		{805AFA74-CCC0-488D-B3F5-C1F756B489B1}.Release|x64.Build.0 = Release|x64
		{805AFA74-CCC0-488D-B3F5-C1F756B489B1}.Release|x86.ActiveCfg = Release|Win32
		{805AFA74-CCC0-488D-B3F5-C1F756B489B1}.Release|x86.Build.0 = Release|Win32
	EndGlobalSection
	GlobalSection(SolutionProperties) = preSolution
		HideSolutionNode = FALSE
	EndGlobalSection
	GlobalSection(ExtensibilityGlobals) = postSolution
		SolutionGuid = {C831DA3F-FC95-4149-9AB7-63DDC509977F}
	EndGlobalSection
EndGlobal
