
Microsoft Visual Studio Solution File, Format Version 12.00
# Visual Studio Version 16
VisualStudioVersion = 16.0.29509.3
MinimumVisualStudioVersion = 10.0.40219.1
Project("{8BC9CEB8-8B4A-11D0-8D11-00A0C91BC942}") = "指针与二维数组", "指针与二维数组.vcxproj", "{CE7B49AC-F8D9-40C1-95FF-AB2B85CF2657}"
EndProject
Global
	GlobalSection(SolutionConfigurationPlatforms) = preSolution
		Debug|x64 = Debug|x64
		Debug|x86 = Debug|x86
		Release|x64 = Release|x64
		Release|x86 = Release|x86
	EndGlobalSection
	GlobalSection(ProjectConfigurationPlatforms) = postSolution
		{CE7B49AC-F8D9-40C1-95FF-AB2B85CF2657}.Debug|x64.ActiveCfg = Debug|x64
		{CE7B49AC-F8D9-40C1-95FF-AB2B85CF2657}.Debug|x64.Build.0 = Debug|x64
		{CE7B49AC-F8D9-40C1-95FF-AB2B85CF2657}.Debug|x86.ActiveCfg = Debug|Win32
		{CE7B49AC-F8D9-40C1-95FF-AB2B85CF2657}.Debug|x86.Build.0 = Debug|Win32
		{CE7B49AC-F8D9-40C1-95FF-AB2B85CF2657}.Release|x64.ActiveCfg = Release|x64
		{CE7B49AC-F8D9-40C1-95FF-AB2B85CF2657}.Release|x64.Build.0 = Release|x64
		{CE7B49AC-F8D9-40C1-95FF-AB2B85CF2657}.Release|x86.ActiveCfg = Release|Win32
		{CE7B49AC-F8D9-40C1-95FF-AB2B85CF2657}.Release|x86.Build.0 = Release|Win32
	EndGlobalSection
	GlobalSection(SolutionProperties) = preSolution
		HideSolutionNode = FALSE
	EndGlobalSection
	GlobalSection(ExtensibilityGlobals) = postSolution
		SolutionGuid = {90CAEAF9-0986-4C1C-B751-6537A26519DC}
	EndGlobalSection
EndGlobal
