
Microsoft Visual Studio Solution File, Format Version 12.00
# Visual Studio Version 16
VisualStudioVersion = 16.0.29509.3
MinimumVisualStudioVersion = 10.0.40219.1
Project("{8BC9CEB8-8B4A-11D0-8D11-00A0C91BC942}") = "结构练习之mysort", "结构练习之mysort.vcxproj", "{EC3F218B-1CA2-4A52-9B14-EE69F673422A}"
EndProject
Global
	GlobalSection(SolutionConfigurationPlatforms) = preSolution
		Debug|x64 = Debug|x64
		Debug|x86 = Debug|x86
		Release|x64 = Release|x64
		Release|x86 = Release|x86
	EndGlobalSection
	GlobalSection(ProjectConfigurationPlatforms) = postSolution
		{EC3F218B-1CA2-4A52-9B14-EE69F673422A}.Debug|x64.ActiveCfg = Debug|x64
		{EC3F218B-1CA2-4A52-9B14-EE69F673422A}.Debug|x64.Build.0 = Debug|x64
		{EC3F218B-1CA2-4A52-9B14-EE69F673422A}.Debug|x86.ActiveCfg = Debug|Win32
		{EC3F218B-1CA2-4A52-9B14-EE69F673422A}.Debug|x86.Build.0 = Debug|Win32
		{EC3F218B-1CA2-4A52-9B14-EE69F673422A}.Release|x64.ActiveCfg = Release|x64
		{EC3F218B-1CA2-4A52-9B14-EE69F673422A}.Release|x64.Build.0 = Release|x64
		{EC3F218B-1CA2-4A52-9B14-EE69F673422A}.Release|x86.ActiveCfg = Release|Win32
		{EC3F218B-1CA2-4A52-9B14-EE69F673422A}.Release|x86.Build.0 = Release|Win32
	EndGlobalSection
	GlobalSection(SolutionProperties) = preSolution
		HideSolutionNode = FALSE
	EndGlobalSection
	GlobalSection(ExtensibilityGlobals) = postSolution
		SolutionGuid = {725E2383-E12E-4072-8F32-D7319FBC5299}
	EndGlobalSection
EndGlobal
