
Microsoft Visual Studio Solution File, Format Version 12.00
# Visual Studio Version 16
VisualStudioVersion = 16.0.31112.23
MinimumVisualStudioVersion = 10.0.40219.1
Project("{8BC9CEB8-8B4A-11D0-8D11-00A0C91BC942}") = "数据结构与算法-栈和队列03回文数字（Palindrome Number）", "数据结构与算法-栈和队列03回文数字（Palindrome Number）.vcxproj", "{51F498BB-A2DF-49BE-8667-AA24AED00E0E}"
EndProject
Project("{8BC9CEB8-8B4A-11D0-8D11-00A0C91BC942}") = "数据结构与算法-栈和队列02链栈", "..\数据结构与算法-栈和队列02链栈\数据结构与算法-栈和队列02链栈.vcxproj", "{FF74D1F6-4963-4114-9953-2B3E2642696B}"
EndProject
Global
	GlobalSection(SolutionConfigurationPlatforms) = preSolution
		Debug|x64 = Debug|x64
		Debug|x86 = Debug|x86
		Release|x64 = Release|x64
		Release|x86 = Release|x86
	EndGlobalSection
	GlobalSection(ProjectConfigurationPlatforms) = postSolution
		{51F498BB-A2DF-49BE-8667-AA24AED00E0E}.Debug|x64.ActiveCfg = Debug|x64
		{51F498BB-A2DF-49BE-8667-AA24AED00E0E}.Debug|x64.Build.0 = Debug|x64
		{51F498BB-A2DF-49BE-8667-AA24AED00E0E}.Debug|x86.ActiveCfg = Debug|Win32
		{51F498BB-A2DF-49BE-8667-AA24AED00E0E}.Debug|x86.Build.0 = Debug|Win32
		{51F498BB-A2DF-49BE-8667-AA24AED00E0E}.Release|x64.ActiveCfg = Release|x64
		{51F498BB-A2DF-49BE-8667-AA24AED00E0E}.Release|x64.Build.0 = Release|x64
		{51F498BB-A2DF-49BE-8667-AA24AED00E0E}.Release|x86.ActiveCfg = Release|Win32
		{51F498BB-A2DF-49BE-8667-AA24AED00E0E}.Release|x86.Build.0 = Release|Win32
		{FF74D1F6-4963-4114-9953-2B3E2642696B}.Debug|x64.ActiveCfg = Debug|x64
		{FF74D1F6-4963-4114-9953-2B3E2642696B}.Debug|x64.Build.0 = Debug|x64
		{FF74D1F6-4963-4114-9953-2B3E2642696B}.Debug|x86.ActiveCfg = Debug|Win32
		{FF74D1F6-4963-4114-9953-2B3E2642696B}.Debug|x86.Build.0 = Debug|Win32
		{FF74D1F6-4963-4114-9953-2B3E2642696B}.Release|x64.ActiveCfg = Release|x64
		{FF74D1F6-4963-4114-9953-2B3E2642696B}.Release|x64.Build.0 = Release|x64
		{FF74D1F6-4963-4114-9953-2B3E2642696B}.Release|x86.ActiveCfg = Release|Win32
		{FF74D1F6-4963-4114-9953-2B3E2642696B}.Release|x86.Build.0 = Release|Win32
	EndGlobalSection
	GlobalSection(SolutionProperties) = preSolution
		HideSolutionNode = FALSE
	EndGlobalSection
	GlobalSection(ExtensibilityGlobals) = postSolution
		SolutionGuid = {FB03B8DB-7625-41AA-8FD9-A28046322ABA}
	EndGlobalSection
EndGlobal
