
Microsoft Visual Studio Solution File, Format Version 12.00
# Visual Studio Version 17
VisualStudioVersion = 17.0.32014.148
MinimumVisualStudioVersion = 10.0.40219.1
Project("{8BC9CEB8-8B4A-11D0-8D11-00A0C91BC942}") = "第一章", "第一章.vcxproj", "{53345E62-EB2B-4F68-A278-4E1863501F42}"
EndProject
Global
	GlobalSection(SolutionConfigurationPlatforms) = preSolution
		Debug|x64 = Debug|x64
		Debug|x86 = Debug|x86
		Release|x64 = Release|x64
		Release|x86 = Release|x86
	EndGlobalSection
	GlobalSection(ProjectConfigurationPlatforms) = postSolution
		{53345E62-EB2B-4F68-A278-4E1863501F42}.Debug|x64.ActiveCfg = Debug|x64
		{53345E62-EB2B-4F68-A278-4E1863501F42}.Debug|x64.Build.0 = Debug|x64
		{53345E62-EB2B-4F68-A278-4E1863501F42}.Debug|x86.ActiveCfg = Debug|Win32
		{53345E62-EB2B-4F68-A278-4E1863501F42}.Debug|x86.Build.0 = Debug|Win32
		{53345E62-EB2B-4F68-A278-4E1863501F42}.Release|x64.ActiveCfg = Release|x64
		{53345E62-EB2B-4F68-A278-4E1863501F42}.Release|x64.Build.0 = Release|x64
		{53345E62-EB2B-4F68-A278-4E1863501F42}.Release|x86.ActiveCfg = Release|Win32
		{53345E62-EB2B-4F68-A278-4E1863501F42}.Release|x86.Build.0 = Release|Win32
	EndGlobalSection
	GlobalSection(SolutionProperties) = preSolution
		HideSolutionNode = FALSE
	EndGlobalSection
	GlobalSection(ExtensibilityGlobals) = postSolution
		SolutionGuid = {C614896D-E9BA-4D34-B0B4-0178D1EE10A4}
	EndGlobalSection
EndGlobal
