
Microsoft Visual Studio Solution File, Format Version 12.00
# Visual Studio Version 16
VisualStudioVersion = 16.0.30002.166
MinimumVisualStudioVersion = 10.0.40219.1
Project("{8BC9CEB8-8B4A-11D0-8D11-00A0C91BC942}") = "大物实验1", "大物实验1.vcxproj", "{2D2FD1A3-1973-48CF-99C3-7B6EBA9FE279}"
EndProject
Global
	GlobalSection(SolutionConfigurationPlatforms) = preSolution
		Debug|x64 = Debug|x64
		Debug|x86 = Debug|x86
		Release|x64 = Release|x64
		Release|x86 = Release|x86
	EndGlobalSection
	GlobalSection(ProjectConfigurationPlatforms) = postSolution
		{2D2FD1A3-1973-48CF-99C3-7B6EBA9FE279}.Debug|x64.ActiveCfg = Debug|x64
		{2D2FD1A3-1973-48CF-99C3-7B6EBA9FE279}.Debug|x64.Build.0 = Debug|x64
		{2D2FD1A3-1973-48CF-99C3-7B6EBA9FE279}.Debug|x86.ActiveCfg = Debug|Win32
		{2D2FD1A3-1973-48CF-99C3-7B6EBA9FE279}.Debug|x86.Build.0 = Debug|Win32
		{2D2FD1A3-1973-48CF-99C3-7B6EBA9FE279}.Release|x64.ActiveCfg = Release|x64
		{2D2FD1A3-1973-48CF-99C3-7B6EBA9FE279}.Release|x64.Build.0 = Release|x64
		{2D2FD1A3-1973-48CF-99C3-7B6EBA9FE279}.Release|x86.ActiveCfg = Release|Win32
		{2D2FD1A3-1973-48CF-99C3-7B6EBA9FE279}.Release|x86.Build.0 = Release|Win32
	EndGlobalSection
	GlobalSection(SolutionProperties) = preSolution
		HideSolutionNode = FALSE
	EndGlobalSection
	GlobalSection(ExtensibilityGlobals) = postSolution
		SolutionGuid = {49572941-C24A-4654-84DF-59B19A0E9F9A}
	EndGlobalSection
EndGlobal
