
Microsoft Visual Studio Solution File, Format Version 12.00
# Visual Studio Version 16
VisualStudioVersion = 16.0.30523.141
MinimumVisualStudioVersion = 10.0.40219.1
Project("{8BC9CEB8-8B4A-11D0-8D11-00A0C91BC942}") = "作业6.1拦截导弹", "作业6.1拦截导弹.vcxproj", "{CC451636-EEA1-43B1-995C-A9C97B40106B}"
EndProject
Global
	GlobalSection(SolutionConfigurationPlatforms) = preSolution
		Debug|x64 = Debug|x64
		Debug|x86 = Debug|x86
		Release|x64 = Release|x64
		Release|x86 = Release|x86
	EndGlobalSection
	GlobalSection(ProjectConfigurationPlatforms) = postSolution
		{CC451636-EEA1-43B1-995C-A9C97B40106B}.Debug|x64.ActiveCfg = Debug|x64
		{CC451636-EEA1-43B1-995C-A9C97B40106B}.Debug|x64.Build.0 = Debug|x64
		{CC451636-EEA1-43B1-995C-A9C97B40106B}.Debug|x86.ActiveCfg = Debug|Win32
		{CC451636-EEA1-43B1-995C-A9C97B40106B}.Debug|x86.Build.0 = Debug|Win32
		{CC451636-EEA1-43B1-995C-A9C97B40106B}.Release|x64.ActiveCfg = Release|x64
		{CC451636-EEA1-43B1-995C-A9C97B40106B}.Release|x64.Build.0 = Release|x64
		{CC451636-EEA1-43B1-995C-A9C97B40106B}.Release|x86.ActiveCfg = Release|Win32
		{CC451636-EEA1-43B1-995C-A9C97B40106B}.Release|x86.Build.0 = Release|Win32
	EndGlobalSection
	GlobalSection(SolutionProperties) = preSolution
		HideSolutionNode = FALSE
	EndGlobalSection
	GlobalSection(ExtensibilityGlobals) = postSolution
		SolutionGuid = {3B1D42AF-FA4C-47BB-A634-3F5937FB23AF}
	EndGlobalSection
EndGlobal
