
Microsoft Visual Studio Solution File, Format Version 12.00
# Visual Studio Version 16
VisualStudioVersion = 16.0.31515.178
MinimumVisualStudioVersion = 10.0.40219.1
Project("{8BC9CEB8-8B4A-11D0-8D11-00A0C91BC942}") = "并查集", "并查集.vcxproj", "{56DC0917-EDD9-412A-8EB0-638A93EB27B1}"
EndProject
Global
	GlobalSection(SolutionConfigurationPlatforms) = preSolution
		Debug|x64 = Debug|x64
		Debug|x86 = Debug|x86
		Release|x64 = Release|x64
		Release|x86 = Release|x86
	EndGlobalSection
	GlobalSection(ProjectConfigurationPlatforms) = postSolution
		{56DC0917-EDD9-412A-8EB0-638A93EB27B1}.Debug|x64.ActiveCfg = Debug|x64
		{56DC0917-EDD9-412A-8EB0-638A93EB27B1}.Debug|x64.Build.0 = Debug|x64
		{56DC0917-EDD9-412A-8EB0-638A93EB27B1}.Debug|x86.ActiveCfg = Debug|Win32
		{56DC0917-EDD9-412A-8EB0-638A93EB27B1}.Debug|x86.Build.0 = Debug|Win32
		{56DC0917-EDD9-412A-8EB0-638A93EB27B1}.Release|x64.ActiveCfg = Release|x64
		{56DC0917-EDD9-412A-8EB0-638A93EB27B1}.Release|x64.Build.0 = Release|x64
		{56DC0917-EDD9-412A-8EB0-638A93EB27B1}.Release|x86.ActiveCfg = Release|Win32
		{56DC0917-EDD9-412A-8EB0-638A93EB27B1}.Release|x86.Build.0 = Release|Win32
	EndGlobalSection
	GlobalSection(SolutionProperties) = preSolution
		HideSolutionNode = FALSE
	EndGlobalSection
	GlobalSection(ExtensibilityGlobals) = postSolution
		SolutionGuid = {F59CBCC9-4D36-4CB4-BCE7-C18DEA3B276B}
	EndGlobalSection
EndGlobal
